
Microsoft Visual Studio Solution File, Format Version 12.00
# Visual Studio 15
VisualStudioVersion = 15.0.28307.539
MinimumVisualStudioVersion = 10.0.40219.1
Project("{FAE04EC0-301F-11D3-BF4B-00C04F79EFBC}") = "TennisKata", "TennisKata\TennisKata.csproj", "{13505BF0-0E51-4E43-AEC8-E6D632D81DF2}"
EndProject
Global
	GlobalSection(SolutionConfigurationPlatforms) = preSolution
		Debug|Any CPU = Debug|Any CPU
		Release|Any CPU = Release|Any CPU
	EndGlobalSection
	GlobalSection(ProjectConfigurationPlatforms) = postSolution
		{13505BF0-0E51-4E43-AEC8-E6D632D81DF2}.Debug|Any CPU.ActiveCfg = Debug|Any CPU
		{13505BF0-0E51-4E43-AEC8-E6D632D81DF2}.Debug|Any CPU.Build.0 = Debug|Any CPU
		{13505BF0-0E51-4E43-AEC8-E6D632D81DF2}.Release|Any CPU.ActiveCfg = Release|Any CPU
		{13505BF0-0E51-4E43-AEC8-E6D632D81DF2}.Release|Any CPU.Build.0 = Release|Any CPU
	EndGlobalSection
	GlobalSection(SolutionProperties) = preSolution
		HideSolutionNode = FALSE
	EndGlobalSection
	GlobalSection(ExtensibilityGlobals) = postSolution
		SolutionGuid = {DF308F01-9FDA-450B-9452-F5C65C5DC83C}
	EndGlobalSection
EndGlobal
